
Microsoft Visual Studio Solution File, Format Version 12.00
# Visual Studio Version 16
VisualStudioVersion = 16.0.29009.5
MinimumVisualStudioVersion = 10.0.40219.1
Project("{FAE04EC0-301F-11D3-BF4B-00C04F79EFBC}") = "HW_Exercise1", "HW_Exercise1.csproj", "{9D13CFA8-74E0-454D-B374-D5E2C90AC2E3}"
EndProject
Global
	GlobalSection(SolutionConfigurationPlatforms) = preSolution
		Debug|Any CPU = Debug|Any CPU
		Release|Any CPU = Release|Any CPU
	EndGlobalSection
	GlobalSection(ProjectConfigurationPlatforms) = postSolution
		{9D13CFA8-74E0-454D-B374-D5E2C90AC2E3}.Debug|Any CPU.ActiveCfg = Debug|Any CPU
		{9D13CFA8-74E0-454D-B374-D5E2C90AC2E3}.Debug|Any CPU.Build.0 = Debug|Any CPU
		{9D13CFA8-74E0-454D-B374-D5E2C90AC2E3}.Release|Any CPU.ActiveCfg = Release|Any CPU
		{9D13CFA8-74E0-454D-B374-D5E2C90AC2E3}.Release|Any CPU.Build.0 = Release|Any CPU
	EndGlobalSection
	GlobalSection(SolutionProperties) = preSolution
		HideSolutionNode = FALSE
	EndGlobalSection
	GlobalSection(ExtensibilityGlobals) = postSolution
		SolutionGuid = {A0660D99-7EAF-44C7-A60A-DEB20A1DDECB}
	EndGlobalSection
EndGlobal
